
Microsoft Visual Studio Solution File, Format Version 12.00
Project("{2150E333-8FDC-42A3-9474-1A3956D46DE8}") = "PresentationTier", "PresentationTier", "{71E7F09D-E6E6-4546-8492-4C4FE594B5BA}"
EndProject
Project("{2150E333-8FDC-42A3-9474-1A3956D46DE8}") = "DataTier", "DataTier", "{1D81AE3D-34D7-49D6-88AB-021ADD3BD978}"
EndProject
Project("{FAE04EC0-301F-11D3-BF4B-00C04F79EFBC}") = "BlazorWASM", "BlazorWASM\BlazorWASM.csproj", "{8789FE4B-4144-4287-9210-A4CF82258A9B}"
EndProject
Project("{FAE04EC0-301F-11D3-BF4B-00C04F79EFBC}") = "HttpClients", "HttpClients\HttpClients.csproj", "{F59BF07A-9857-4AE2-ABB3-02C3F70D01F8}"
EndProject
Project("{FAE04EC0-301F-11D3-BF4B-00C04F79EFBC}") = "Domain", "Domain\Domain.csproj", "{D7C3AAF5-FAC4-4037-BBC2-E29A4E150254}"
EndProject
Project("{FAE04EC0-301F-11D3-BF4B-00C04F79EFBC}") = "GrpcServer", "GrpcServer\GrpcServer.csproj", "{7040EB8C-94F6-4646-A14B-2074E03B665E}"
EndProject
Project("{FAE04EC0-301F-11D3-BF4B-00C04F79EFBC}") = "ReportRepo", "ReportRepo\ReportRepo.csproj", "{9428214D-93EF-4F0F-A74B-EF4D4229E7C0}"
EndProject
Global
	GlobalSection(SolutionConfigurationPlatforms) = preSolution
		Debug|Any CPU = Debug|Any CPU
		Release|Any CPU = Release|Any CPU
	EndGlobalSection
	GlobalSection(ProjectConfigurationPlatforms) = postSolution
		{8789FE4B-4144-4287-9210-A4CF82258A9B}.Debug|Any CPU.ActiveCfg = Debug|Any CPU
		{8789FE4B-4144-4287-9210-A4CF82258A9B}.Debug|Any CPU.Build.0 = Debug|Any CPU
		{8789FE4B-4144-4287-9210-A4CF82258A9B}.Release|Any CPU.ActiveCfg = Release|Any CPU
		{8789FE4B-4144-4287-9210-A4CF82258A9B}.Release|Any CPU.Build.0 = Release|Any CPU
		{F59BF07A-9857-4AE2-ABB3-02C3F70D01F8}.Debug|Any CPU.ActiveCfg = Debug|Any CPU
		{F59BF07A-9857-4AE2-ABB3-02C3F70D01F8}.Debug|Any CPU.Build.0 = Debug|Any CPU
		{F59BF07A-9857-4AE2-ABB3-02C3F70D01F8}.Release|Any CPU.ActiveCfg = Release|Any CPU
		{F59BF07A-9857-4AE2-ABB3-02C3F70D01F8}.Release|Any CPU.Build.0 = Release|Any CPU
		{D7C3AAF5-FAC4-4037-BBC2-E29A4E150254}.Debug|Any CPU.ActiveCfg = Debug|Any CPU
		{D7C3AAF5-FAC4-4037-BBC2-E29A4E150254}.Debug|Any CPU.Build.0 = Debug|Any CPU
		{D7C3AAF5-FAC4-4037-BBC2-E29A4E150254}.Release|Any CPU.ActiveCfg = Release|Any CPU
		{D7C3AAF5-FAC4-4037-BBC2-E29A4E150254}.Release|Any CPU.Build.0 = Release|Any CPU
		{7040EB8C-94F6-4646-A14B-2074E03B665E}.Debug|Any CPU.ActiveCfg = Debug|Any CPU
		{7040EB8C-94F6-4646-A14B-2074E03B665E}.Debug|Any CPU.Build.0 = Debug|Any CPU
		{7040EB8C-94F6-4646-A14B-2074E03B665E}.Release|Any CPU.ActiveCfg = Release|Any CPU
		{7040EB8C-94F6-4646-A14B-2074E03B665E}.Release|Any CPU.Build.0 = Release|Any CPU
		{9428214D-93EF-4F0F-A74B-EF4D4229E7C0}.Debug|Any CPU.ActiveCfg = Debug|Any CPU
		{9428214D-93EF-4F0F-A74B-EF4D4229E7C0}.Debug|Any CPU.Build.0 = Debug|Any CPU
		{9428214D-93EF-4F0F-A74B-EF4D4229E7C0}.Release|Any CPU.ActiveCfg = Release|Any CPU
		{9428214D-93EF-4F0F-A74B-EF4D4229E7C0}.Release|Any CPU.Build.0 = Release|Any CPU
	EndGlobalSection
	GlobalSection(NestedProjects) = preSolution
		{8789FE4B-4144-4287-9210-A4CF82258A9B} = {71E7F09D-E6E6-4546-8492-4C4FE594B5BA}
		{F59BF07A-9857-4AE2-ABB3-02C3F70D01F8} = {71E7F09D-E6E6-4546-8492-4C4FE594B5BA}
		{D7C3AAF5-FAC4-4037-BBC2-E29A4E150254} = {71E7F09D-E6E6-4546-8492-4C4FE594B5BA}
		{7040EB8C-94F6-4646-A14B-2074E03B665E} = {1D81AE3D-34D7-49D6-88AB-021ADD3BD978}
		{9428214D-93EF-4F0F-A74B-EF4D4229E7C0} = {1D81AE3D-34D7-49D6-88AB-021ADD3BD978}
	EndGlobalSection
EndGlobal
